
Microsoft Visual Studio Solution File, Format Version 12.00
# Visual Studio Version 17
VisualStudioVersion = 17.5.33627.172
MinimumVisualStudioVersion = 10.0.40219.1
Project("{FAE04EC0-301F-11D3-BF4B-00C04F79EFBC}") = "TestComboBox", "TestComboBox.csproj", "{E152B412-4931-4FE5-98EB-FDE44C42AABC}"
EndProject
Global
	GlobalSection(SolutionConfigurationPlatforms) = preSolution
		Debug|Any CPU = Debug|Any CPU
		Release|Any CPU = Release|Any CPU
	EndGlobalSection
	GlobalSection(ProjectConfigurationPlatforms) = postSolution
		{E152B412-4931-4FE5-98EB-FDE44C42AABC}.Debug|Any CPU.ActiveCfg = Debug|Any CPU
		{E152B412-4931-4FE5-98EB-FDE44C42AABC}.Debug|Any CPU.Build.0 = Debug|Any CPU
		{E152B412-4931-4FE5-98EB-FDE44C42AABC}.Release|Any CPU.ActiveCfg = Release|Any CPU
		{E152B412-4931-4FE5-98EB-FDE44C42AABC}.Release|Any CPU.Build.0 = Release|Any CPU
	EndGlobalSection
	GlobalSection(SolutionProperties) = preSolution
		HideSolutionNode = FALSE
	EndGlobalSection
	GlobalSection(ExtensibilityGlobals) = postSolution
		SolutionGuid = {5130853F-1B08-4D0C-A6EA-1F825DDBB02C}
	EndGlobalSection
EndGlobal
